
Microsoft Visual Studio Solution File, Format Version 12.00
# Visual Studio Version 17
VisualStudioVersion = 17.11.35327.3
MinimumVisualStudioVersion = 10.0.40219.1
Project("{FAE04EC0-301F-11D3-BF4B-00C04F79EFBC}") = "Proejkt_w70591", "Proejkt_w70591\Proejkt_w70591.csproj", "{C39DFF8A-D8E9-44DA-98E9-0695AA8001ED}"
EndProject
Global
	GlobalSection(SolutionConfigurationPlatforms) = preSolution
		Debug|Any CPU = Debug|Any CPU
		Release|Any CPU = Release|Any CPU
	EndGlobalSection
	GlobalSection(ProjectConfigurationPlatforms) = postSolution
		{C39DFF8A-D8E9-44DA-98E9-0695AA8001ED}.Debug|Any CPU.ActiveCfg = Debug|Any CPU
		{C39DFF8A-D8E9-44DA-98E9-0695AA8001ED}.Debug|Any CPU.Build.0 = Debug|Any CPU
		{C39DFF8A-D8E9-44DA-98E9-0695AA8001ED}.Release|Any CPU.ActiveCfg = Release|Any CPU
		{C39DFF8A-D8E9-44DA-98E9-0695AA8001ED}.Release|Any CPU.Build.0 = Release|Any CPU
	EndGlobalSection
	GlobalSection(SolutionProperties) = preSolution
		HideSolutionNode = FALSE
	EndGlobalSection
	GlobalSection(ExtensibilityGlobals) = postSolution
		SolutionGuid = {39CCE4B4-FC96-4EDA-8216-C58A0DCED9FA}
	EndGlobalSection
EndGlobal
